{
  "version": 2,
  "dependencies": {
    "net8.0": {
      "EasyBuild.FileSystemProvider": {
        "type": "Direct",
        "requested": "[0.3.0, )",
        "resolved": "0.3.0",
        "contentHash": "gdVJpqcMDJm4IfmITy3MtpEn/lo9pH8PirVlENtXGX9Sdw3rCgoo9ch1TAthUseh28RcUGWwza9BmEWlrQX/Aw=="
      },
      "Fixie.TestAdapter": {
        "type": "Direct",
        "requested": "[3.4.0, )",
        "resolved": "3.4.0",
        "contentHash": "KQBF/t82Ax/09CuF4GuYOCshfA72YGvMh3t8EGLeqsCLdZmWhR6Lz0IIsbDkS9DrECK7l03WTufHe0D7Mq6WBw==",
        "dependencies": {
          "Fixie": "[3.4.0]",
          "Microsoft.NET.Test.Sdk": "17.8.0",
          "Mono.Cecil": "0.11.5"
        }
      },
      "FSharp.Core": {
        "type": "Direct",
        "requested": "[8.0.301, )",
        "resolved": "8.0.301",
        "contentHash": "I94+2zfAhWMJwPzVDFSlsutZvjPkaRvLVipf8b2O4AyzxKUBmevDkUBzcJBqSQNB1Ikig8xdphswoeKrObqx7Q=="
      },
      "Fable.Core": {
        "type": "Transitive",
        "resolved": "4.1.0",
        "contentHash": "NISAbAVGEcvH2s+vHLSOCzh98xMYx4aIadWacQdWPcQLploxpSQXLEe9SeszUBhbHa73KMiKREsH4/W3q4A4iA=="
      },
      "Fixie": {
        "type": "Transitive",
        "resolved": "3.4.0",
        "contentHash": "Rn+KhQIobYpMC8+S3Fk48wgpo8zljYsgT+M84q5csNJM5AzyVebcIIPAv5DXb+lJuKaOCG3ntpTdTEUPOJAHOA=="
      },
      "Microsoft.CodeCoverage": {
        "type": "Transitive",
        "resolved": "17.8.0",
        "contentHash": "KC8SXWbGIdoFVdlxKk9WHccm0llm9HypcHMLUUFabRiTS3SO2fQXNZfdiF3qkEdTJhbRrxhdRxjL4jbtwPq4Ew=="
      },
      "Microsoft.NET.Test.Sdk": {
        "type": "Transitive",
        "resolved": "17.8.0",
        "contentHash": "BmTYGbD/YuDHmApIENdoyN1jCk0Rj1fJB0+B/fVekyTdVidr91IlzhqzytiUgaEAzL1ZJcYCme0MeBMYvJVzvw==",
        "dependencies": {
          "Microsoft.CodeCoverage": "17.8.0",
          "Microsoft.TestPlatform.TestHost": "17.8.0"
        }
      },
      "Microsoft.TestPlatform.ObjectModel": {
        "type": "Transitive",
        "resolved": "17.8.0",
        "contentHash": "AYy6vlpGMfz5kOFq99L93RGbqftW/8eQTqjT9iGXW6s9MRP3UdtY8idJ8rJcjeSja8A18IhIro5YnH3uv1nz4g==",
        "dependencies": {
          "NuGet.Frameworks": "6.5.0",
          "System.Reflection.Metadata": "1.6.0"
        }
      },
      "Microsoft.TestPlatform.TestHost": {
        "type": "Transitive",
        "resolved": "17.8.0",
        "contentHash": "9ivcl/7SGRmOT0YYrHQGohWiT5YCpkmy/UEzldfVisLm6QxbLaK3FAJqZXI34rnRLmqqDCeMQxKINwmKwAPiDw==",
        "dependencies": {
          "Microsoft.TestPlatform.ObjectModel": "17.8.0",
          "Newtonsoft.Json": "13.0.1"
        }
      },
      "Mono.Cecil": {
        "type": "Transitive",
        "resolved": "0.11.5",
        "contentHash": "fxfX+0JGTZ8YQeu1MYjbBiK2CYTSzDyEeIixt+yqKKTn7FW8rv7JMY70qevup4ZJfD7Kk/VG/jDzQQTpfch87g=="
      },
      "Newtonsoft.Json": {
        "type": "Transitive",
        "resolved": "13.0.1",
        "contentHash": "ppPFpBcvxdsfUonNcvITKqLl3bqxWbDCZIzDWHzjpdAHRFfZe0Dw9HmA0+za13IdyrgJwpkDTDA9fHaxOrt20A=="
      },
      "NuGet.Frameworks": {
        "type": "Transitive",
        "resolved": "6.5.0",
        "contentHash": "QWINE2x3MbTODsWT1Gh71GaGb5icBz4chS8VYvTgsBnsi8esgN6wtHhydd7fvToWECYGq7T4cgBBDiKD/363fg=="
      },
      "System.Reflection.Metadata": {
        "type": "Transitive",
        "resolved": "1.6.0",
        "contentHash": "COC1aiAJjCoA5GBF+QKL2uLqEBew4JsCkQmoHKbN3TlOZKa2fKLz5CpiRQKDz0RsAOEGsVKqOD5bomsXq/4STQ=="
      },
      "Thoth.Json.Core": {
        "type": "Transitive",
        "resolved": "0.1.0",
        "contentHash": "hIo4bdnbG2BOmCrUTHhScgn0aTnlGPQtmO0KiCklSHduEQV3r7SjwscvjjcbfXyc0nuPV6UOg05KHMUgiIeXjQ==",
        "dependencies": {
          "FSharp.Core": "5.0.0",
          "Fable.Core": "4.1.0"
        }
      },
      "easybuild.commitparser": {
        "type": "Project",
        "dependencies": {
          "FSharp.Core": "[7.0.300, )",
          "FsToolkit.ErrorHandling": "[4.18.0, )",
          "Thoth.Json.Newtonsoft": "[0.1.0, )"
        }
      },
      "FsToolkit.ErrorHandling": {
        "type": "CentralTransitive",
        "requested": "[4.18.0, )",
        "resolved": "4.18.0",
        "contentHash": "cGtOP6lWcnLcXiLTGZLHi+8JAyuUDjGhZOmJWnZfd5aPCUIyL+DqUIwmfEGkUk3j/gpcchLDk9BNwUTc1oM30w==",
        "dependencies": {
          "FSharp.Core": "7.0.300"
        }
      },
      "Thoth.Json.Newtonsoft": {
        "type": "CentralTransitive",
        "requested": "[0.1.0, )",
        "resolved": "0.1.0",
        "contentHash": "i64dDASv8UY8oPNwvcF7UTLvXYL2C3PaTeNQ8s8Woy/pNTKud616//+0V858wcS2PyunVnyQeuiND4bfvMujhQ==",
        "dependencies": {
          "FSharp.Core": "5.0.0",
          "Fable.Core": "4.1.0",
          "Newtonsoft.Json": "13.0.1",
          "Thoth.Json.Core": "0.1.0"
        }
      }
    }
  }
}